
Microsoft Visual Studio Solution File, Format Version 12.00
# Visual Studio 2013
VisualStudioVersion = 12.0.21005.1
MinimumVisualStudioVersion = 10.0.40219.1
Project("{FAE04EC0-301F-11D3-BF4B-00C04F79EFBC}") = "MicroServiceNet", "MicroServiceNet\MicroServiceNet.csproj", "{C43AE0F9-2543-47AE-9E52-873406181D99}"
EndProject
Global
	GlobalSection(SolutionConfigurationPlatforms) = preSolution
		Debug|Any CPU = Debug|Any CPU
		Release|Any CPU = Release|Any CPU
	EndGlobalSection
	GlobalSection(ProjectConfigurationPlatforms) = postSolution
		{C43AE0F9-2543-47AE-9E52-873406181D99}.Debug|Any CPU.ActiveCfg = Debug|Any CPU
		{C43AE0F9-2543-47AE-9E52-873406181D99}.Debug|Any CPU.Build.0 = Debug|Any CPU
		{C43AE0F9-2543-47AE-9E52-873406181D99}.Release|Any CPU.ActiveCfg = Release|Any CPU
		{C43AE0F9-2543-47AE-9E52-873406181D99}.Release|Any CPU.Build.0 = Release|Any CPU
	EndGlobalSection
	GlobalSection(SolutionProperties) = preSolution
		HideSolutionNode = FALSE
	EndGlobalSection
	GlobalSection(ExtensibilityGlobals) = postSolution
		SolutionGuid = {1C871AD3-D1D7-4C36-A50E-A70A88554F5A}
	EndGlobalSection
EndGlobal
